
Microsoft Visual Studio Solution File, Format Version 12.00
# Visual Studio 15
VisualStudioVersion = 15.0.27413.0
MinimumVisualStudioVersion = 10.0.40219.1
Project("{FAE04EC0-301F-11D3-BF4B-00C04F79EFBC}") = "ExtremeDumper", "ExtremeDumper\ExtremeDumper.csproj", "{BA1D5A3E-330E-4D82-BFF5-58B6CF52726C}"
EndProject
Global
	GlobalSection(SolutionConfigurationPlatforms) = preSolution
		Debug|Any CPU = Debug|Any CPU
		Release|Any CPU = Release|Any CPU
	EndGlobalSection
	GlobalSection(ProjectConfigurationPlatforms) = postSolution
		{BA1D5A3E-330E-4D82-BFF5-58B6CF52726C}.Debug|Any CPU.ActiveCfg = Debug|Any CPU
		{BA1D5A3E-330E-4D82-BFF5-58B6CF52726C}.Debug|Any CPU.Build.0 = Debug|Any CPU
		{BA1D5A3E-330E-4D82-BFF5-58B6CF52726C}.Release|Any CPU.ActiveCfg = Release|Any CPU
		{BA1D5A3E-330E-4D82-BFF5-58B6CF52726C}.Release|Any CPU.Build.0 = Release|Any CPU
	EndGlobalSection
	GlobalSection(SolutionProperties) = preSolution
		HideSolutionNode = FALSE
	EndGlobalSection
	GlobalSection(ExtensibilityGlobals) = postSolution
		SolutionGuid = {4ED7F5D0-D7EC-491E-86FD-0215F210ADAD}
	EndGlobalSection
EndGlobal
